
Microsoft Visual Studio Solution File, Format Version 12.00
# Visual Studio Version 17
VisualStudioVersion = 17.5.002.0
MinimumVisualStudioVersion = 10.0.40219.1
Project("{9A19103F-16F7-4668-BE54-9A1E7A4F7556}") = "Dio", "Dio.csproj", "{5B8ACADD-DA4D-4669-A9F3-36504F2EA31C}"
EndProject
Global
	GlobalSection(SolutionConfigurationPlatforms) = preSolution
		Debug|Any CPU = Debug|Any CPU
		Release|Any CPU = Release|Any CPU
	EndGlobalSection
	GlobalSection(ProjectConfigurationPlatforms) = postSolution
		{5B8ACADD-DA4D-4669-A9F3-36504F2EA31C}.Debug|Any CPU.ActiveCfg = Debug|Any CPU
		{5B8ACADD-DA4D-4669-A9F3-36504F2EA31C}.Debug|Any CPU.Build.0 = Debug|Any CPU
		{5B8ACADD-DA4D-4669-A9F3-36504F2EA31C}.Release|Any CPU.ActiveCfg = Release|Any CPU
		{5B8ACADD-DA4D-4669-A9F3-36504F2EA31C}.Release|Any CPU.Build.0 = Release|Any CPU
	EndGlobalSection
	GlobalSection(SolutionProperties) = preSolution
		HideSolutionNode = FALSE
	EndGlobalSection
	GlobalSection(ExtensibilityGlobals) = postSolution
		SolutionGuid = {C4B23ED5-950A-45D9-9B86-EA083277DE23}
	EndGlobalSection
EndGlobal
